
Microsoft Visual Studio Solution File, Format Version 12.00
# Visual Studio 2013
VisualStudioVersion = 12.0.40629.0
MinimumVisualStudioVersion = 10.0.40219.1
Project("{FAE04EC0-301F-11D3-BF4B-00C04F79EFBC}") = "PGYShopingSystem", "PGYShopingSystem\PGYShopingSystem.csproj", "{56C95E23-BFA6-4B08-8005-EAD7663DE431}"
EndProject
Project("{FAE04EC0-301F-11D3-BF4B-00C04F79EFBC}") = "PGYShopingSystem.Tests", "PGYShopingSystem.Tests\PGYShopingSystem.Tests.csproj", "{6ECBF4E2-CDEA-4D6A-B934-AF827F6AB75A}"
EndProject
Project("{FAE04EC0-301F-11D3-BF4B-00C04F79EFBC}") = "WebApi", "WebApi\WebApi.csproj", "{722641AE-77EF-4C33-811C-46D3FD03BB3A}"
EndProject
Global
	GlobalSection(SolutionConfigurationPlatforms) = preSolution
		Debug|Any CPU = Debug|Any CPU
		Release|Any CPU = Release|Any CPU
	EndGlobalSection
	GlobalSection(ProjectConfigurationPlatforms) = postSolution
		{56C95E23-BFA6-4B08-8005-EAD7663DE431}.Debug|Any CPU.ActiveCfg = Debug|Any CPU
		{56C95E23-BFA6-4B08-8005-EAD7663DE431}.Debug|Any CPU.Build.0 = Debug|Any CPU
		{56C95E23-BFA6-4B08-8005-EAD7663DE431}.Release|Any CPU.ActiveCfg = Release|Any CPU
		{56C95E23-BFA6-4B08-8005-EAD7663DE431}.Release|Any CPU.Build.0 = Release|Any CPU
		{6ECBF4E2-CDEA-4D6A-B934-AF827F6AB75A}.Debug|Any CPU.ActiveCfg = Debug|Any CPU
		{6ECBF4E2-CDEA-4D6A-B934-AF827F6AB75A}.Debug|Any CPU.Build.0 = Debug|Any CPU
		{6ECBF4E2-CDEA-4D6A-B934-AF827F6AB75A}.Release|Any CPU.ActiveCfg = Release|Any CPU
		{6ECBF4E2-CDEA-4D6A-B934-AF827F6AB75A}.Release|Any CPU.Build.0 = Release|Any CPU
		{722641AE-77EF-4C33-811C-46D3FD03BB3A}.Debug|Any CPU.ActiveCfg = Debug|Any CPU
		{722641AE-77EF-4C33-811C-46D3FD03BB3A}.Debug|Any CPU.Build.0 = Debug|Any CPU
		{722641AE-77EF-4C33-811C-46D3FD03BB3A}.Release|Any CPU.ActiveCfg = Release|Any CPU
		{722641AE-77EF-4C33-811C-46D3FD03BB3A}.Release|Any CPU.Build.0 = Release|Any CPU
	EndGlobalSection
	GlobalSection(SolutionProperties) = preSolution
		HideSolutionNode = FALSE
	EndGlobalSection
EndGlobal
